
Microsoft Visual Studio Solution File, Format Version 12.00
# Visual Studio 15
VisualStudioVersion = 15.0.28307.645
MinimumVisualStudioVersion = 10.0.40219.1
Project("{FAE04EC0-301F-11D3-BF4B-00C04F79EFBC}") = "NTMobileApp", "NTMobileApp\NTMobileApp.csproj", "{2B2846ED-7A2D-49A4-992F-DFA09B3671E7}"
EndProject
Global
	GlobalSection(SolutionConfigurationPlatforms) = preSolution
		Debug|Any CPU = Debug|Any CPU
		Release|Any CPU = Release|Any CPU
	EndGlobalSection
	GlobalSection(ProjectConfigurationPlatforms) = postSolution
		{2B2846ED-7A2D-49A4-992F-DFA09B3671E7}.Debug|Any CPU.ActiveCfg = Debug|Any CPU
		{2B2846ED-7A2D-49A4-992F-DFA09B3671E7}.Debug|Any CPU.Build.0 = Debug|Any CPU
		{2B2846ED-7A2D-49A4-992F-DFA09B3671E7}.Release|Any CPU.ActiveCfg = Release|Any CPU
		{2B2846ED-7A2D-49A4-992F-DFA09B3671E7}.Release|Any CPU.Build.0 = Release|Any CPU
	EndGlobalSection
	GlobalSection(SolutionProperties) = preSolution
		HideSolutionNode = FALSE
	EndGlobalSection
	GlobalSection(ExtensibilityGlobals) = postSolution
		SolutionGuid = {C8B23D85-6A57-450D-B54E-097E1FC5AC21}
	EndGlobalSection
EndGlobal
