
Microsoft Visual Studio Solution File, Format Version 12.00
# Visual Studio 15
VisualStudioVersion = 15.0.28307.645
MinimumVisualStudioVersion = 10.0.40219.1
Project("{FAE04EC0-301F-11D3-BF4B-00C04F79EFBC}") = "NTMobileApp", "NTMobileApp\NTMobileApp.csproj", "{2B2846ED-7A2D-49A4-992F-DFA09B3671E7}"
EndProject
Project("{FAE04EC0-301F-11D3-BF4B-00C04F79EFBC}") = "NTMobileApp.Infrastructure", "NTMobileApp.Infrastructure\NTMobileApp.Infrastructure.csproj", "{ABB09635-C14A-4FA0-9E23-D4F1A06247DD}"
EndProject
Project("{FAE04EC0-301F-11D3-BF4B-00C04F79EFBC}") = "NTMoblieApp.Utilities", "NTMoblieApp.Utilities\NTMoblieApp.Utilities.csproj", "{2B0FAF58-69EA-4DD4-B2D4-B3342C78F307}"
EndProject
Project("{FAE04EC0-301F-11D3-BF4B-00C04F79EFBC}") = "NTMobileApp.Data", "NTMobileApp.Data\NTMobileApp.Data.csproj", "{F9D4573E-B189-41E2-BF92-FA99A8015E35}"
EndProject
Project("{FAE04EC0-301F-11D3-BF4B-00C04F79EFBC}") = "NTMobileApp.Data.EF", "NTMobileApp.Data.EF\NTMobileApp.Data.EF.csproj", "{B953AAC7-8D7A-48EC-93EE-6A2203865B56}"
EndProject
Project("{FAE04EC0-301F-11D3-BF4B-00C04F79EFBC}") = "NTMobileApp.Application", "NTMobileApp.Application\NTMobileApp.Application.csproj", "{0D9C612C-8B15-4D9A-870B-35CF54450F7E}"
EndProject
Project("{2150E333-8FDC-42A3-9474-1A3956D46DE8}") = "1 - Presentation", "1 - Presentation", "{22BD4D6D-922A-42A6-86C6-47C99BB0F841}"
EndProject
Project("{2150E333-8FDC-42A3-9474-1A3956D46DE8}") = "2 - Application", "2 - Application", "{77EA36BD-D65F-4394-BCFD-92F99A82468E}"
EndProject
Project("{2150E333-8FDC-42A3-9474-1A3956D46DE8}") = "3 -  Domain", "3 -  Domain", "{4A6CE84A-C55B-4F4A-8260-0FE5C706F27B}"
EndProject
Project("{2150E333-8FDC-42A3-9474-1A3956D46DE8}") = "4 - Infrastructure", "4 - Infrastructure", "{F34B5A52-21E6-45F7-939C-AF8E72DBFE8B}"
EndProject
Global
	GlobalSection(SolutionConfigurationPlatforms) = preSolution
		Debug|Any CPU = Debug|Any CPU
		Release|Any CPU = Release|Any CPU
	EndGlobalSection
	GlobalSection(ProjectConfigurationPlatforms) = postSolution
		{2B2846ED-7A2D-49A4-992F-DFA09B3671E7}.Debug|Any CPU.ActiveCfg = Debug|Any CPU
		{2B2846ED-7A2D-49A4-992F-DFA09B3671E7}.Debug|Any CPU.Build.0 = Debug|Any CPU
		{2B2846ED-7A2D-49A4-992F-DFA09B3671E7}.Release|Any CPU.ActiveCfg = Release|Any CPU
		{2B2846ED-7A2D-49A4-992F-DFA09B3671E7}.Release|Any CPU.Build.0 = Release|Any CPU
		{ABB09635-C14A-4FA0-9E23-D4F1A06247DD}.Debug|Any CPU.ActiveCfg = Debug|Any CPU
		{ABB09635-C14A-4FA0-9E23-D4F1A06247DD}.Debug|Any CPU.Build.0 = Debug|Any CPU
		{ABB09635-C14A-4FA0-9E23-D4F1A06247DD}.Release|Any CPU.ActiveCfg = Release|Any CPU
		{ABB09635-C14A-4FA0-9E23-D4F1A06247DD}.Release|Any CPU.Build.0 = Release|Any CPU
		{2B0FAF58-69EA-4DD4-B2D4-B3342C78F307}.Debug|Any CPU.ActiveCfg = Debug|Any CPU
		{2B0FAF58-69EA-4DD4-B2D4-B3342C78F307}.Debug|Any CPU.Build.0 = Debug|Any CPU
		{2B0FAF58-69EA-4DD4-B2D4-B3342C78F307}.Release|Any CPU.ActiveCfg = Release|Any CPU
		{2B0FAF58-69EA-4DD4-B2D4-B3342C78F307}.Release|Any CPU.Build.0 = Release|Any CPU
		{F9D4573E-B189-41E2-BF92-FA99A8015E35}.Debug|Any CPU.ActiveCfg = Debug|Any CPU
		{F9D4573E-B189-41E2-BF92-FA99A8015E35}.Debug|Any CPU.Build.0 = Debug|Any CPU
		{F9D4573E-B189-41E2-BF92-FA99A8015E35}.Release|Any CPU.ActiveCfg = Release|Any CPU
		{F9D4573E-B189-41E2-BF92-FA99A8015E35}.Release|Any CPU.Build.0 = Release|Any CPU
		{B953AAC7-8D7A-48EC-93EE-6A2203865B56}.Debug|Any CPU.ActiveCfg = Debug|Any CPU
		{B953AAC7-8D7A-48EC-93EE-6A2203865B56}.Debug|Any CPU.Build.0 = Debug|Any CPU
		{B953AAC7-8D7A-48EC-93EE-6A2203865B56}.Release|Any CPU.ActiveCfg = Release|Any CPU
		{B953AAC7-8D7A-48EC-93EE-6A2203865B56}.Release|Any CPU.Build.0 = Release|Any CPU
		{0D9C612C-8B15-4D9A-870B-35CF54450F7E}.Debug|Any CPU.ActiveCfg = Debug|Any CPU
		{0D9C612C-8B15-4D9A-870B-35CF54450F7E}.Debug|Any CPU.Build.0 = Debug|Any CPU
		{0D9C612C-8B15-4D9A-870B-35CF54450F7E}.Release|Any CPU.ActiveCfg = Release|Any CPU
		{0D9C612C-8B15-4D9A-870B-35CF54450F7E}.Release|Any CPU.Build.0 = Release|Any CPU
	EndGlobalSection
	GlobalSection(SolutionProperties) = preSolution
		HideSolutionNode = FALSE
	EndGlobalSection
	GlobalSection(NestedProjects) = preSolution
		{2B2846ED-7A2D-49A4-992F-DFA09B3671E7} = {22BD4D6D-922A-42A6-86C6-47C99BB0F841}
		{ABB09635-C14A-4FA0-9E23-D4F1A06247DD} = {F34B5A52-21E6-45F7-939C-AF8E72DBFE8B}
		{2B0FAF58-69EA-4DD4-B2D4-B3342C78F307} = {F34B5A52-21E6-45F7-939C-AF8E72DBFE8B}
		{F9D4573E-B189-41E2-BF92-FA99A8015E35} = {4A6CE84A-C55B-4F4A-8260-0FE5C706F27B}
		{B953AAC7-8D7A-48EC-93EE-6A2203865B56} = {4A6CE84A-C55B-4F4A-8260-0FE5C706F27B}
		{0D9C612C-8B15-4D9A-870B-35CF54450F7E} = {77EA36BD-D65F-4394-BCFD-92F99A82468E}
	EndGlobalSection
	GlobalSection(ExtensibilityGlobals) = postSolution
		SolutionGuid = {C8B23D85-6A57-450D-B54E-097E1FC5AC21}
	EndGlobalSection
EndGlobal
